
Microsoft Visual Studio Solution File, Format Version 12.00
# Visual Studio Version 17
VisualStudioVersion = 17.1.32328.378
MinimumVisualStudioVersion = 10.0.40219.1
Project("{F184B08F-C81C-45F6-A57F-5ABD9991F28F}") = "Tarea19Ejercicios", "Tarea19Ejercicios.vbproj", "{11A345A7-44CF-40C2-80E4-2FCD058F2C50}"
EndProject
Global
	GlobalSection(SolutionConfigurationPlatforms) = preSolution
		Debug|Any CPU = Debug|Any CPU
		Release|Any CPU = Release|Any CPU
	EndGlobalSection
	GlobalSection(ProjectConfigurationPlatforms) = postSolution
		{11A345A7-44CF-40C2-80E4-2FCD058F2C50}.Debug|Any CPU.ActiveCfg = Debug|Any CPU
		{11A345A7-44CF-40C2-80E4-2FCD058F2C50}.Debug|Any CPU.Build.0 = Debug|Any CPU
		{11A345A7-44CF-40C2-80E4-2FCD058F2C50}.Release|Any CPU.ActiveCfg = Release|Any CPU
		{11A345A7-44CF-40C2-80E4-2FCD058F2C50}.Release|Any CPU.Build.0 = Release|Any CPU
	EndGlobalSection
	GlobalSection(SolutionProperties) = preSolution
		HideSolutionNode = FALSE
	EndGlobalSection
	GlobalSection(ExtensibilityGlobals) = postSolution
		SolutionGuid = {8ADA67FF-6AB4-4B80-9A88-CF8055FF3186}
	EndGlobalSection
EndGlobal
